
Microsoft Visual Studio Solution File, Format Version 12.00
# Visual Studio Version 17
VisualStudioVersion = 17.11.35222.181
MinimumVisualStudioVersion = 10.0.40219.1
Project("{FAE04EC0-301F-11D3-BF4B-00C04F79EFBC}") = "Server", "Server\Server.csproj", "{8BFFCB60-E807-4695-9272-6A472C1D5727}"
EndProject
Project("{FAE04EC0-301F-11D3-BF4B-00C04F79EFBC}") = "Client", "Client\Client.csproj", "{707A6033-C048-4899-9BDA-858443C4CBCF}"
EndProject
Project("{9A19103F-16F7-4668-BE54-9A1E7A4F7556}") = "Tests", "DiscountCodeSystem.Tests\Tests.csproj", "{1401858A-0FA2-47D3-95E7-395D3E02C2DE}"
EndProject
Project("{2150E333-8FDC-42A3-9474-1A3956D46DE8}") = "Itens de Solução", "Itens de Solução", "{707D0A19-FB6E-41A3-8B9C-A5A1E461CD1B}"
	ProjectSection(SolutionItems) = preProject
		docker-compose.yml = docker-compose.yml
	EndProjectSection
EndProject
Global
	GlobalSection(SolutionConfigurationPlatforms) = preSolution
		Debug|Any CPU = Debug|Any CPU
		Release|Any CPU = Release|Any CPU
	EndGlobalSection
	GlobalSection(ProjectConfigurationPlatforms) = postSolution
		{8BFFCB60-E807-4695-9272-6A472C1D5727}.Debug|Any CPU.ActiveCfg = Debug|Any CPU
		{8BFFCB60-E807-4695-9272-6A472C1D5727}.Debug|Any CPU.Build.0 = Debug|Any CPU
		{8BFFCB60-E807-4695-9272-6A472C1D5727}.Release|Any CPU.ActiveCfg = Release|Any CPU
		{8BFFCB60-E807-4695-9272-6A472C1D5727}.Release|Any CPU.Build.0 = Release|Any CPU
		{707A6033-C048-4899-9BDA-858443C4CBCF}.Debug|Any CPU.ActiveCfg = Debug|Any CPU
		{707A6033-C048-4899-9BDA-858443C4CBCF}.Debug|Any CPU.Build.0 = Debug|Any CPU
		{707A6033-C048-4899-9BDA-858443C4CBCF}.Release|Any CPU.ActiveCfg = Release|Any CPU
		{707A6033-C048-4899-9BDA-858443C4CBCF}.Release|Any CPU.Build.0 = Release|Any CPU
		{1401858A-0FA2-47D3-95E7-395D3E02C2DE}.Debug|Any CPU.ActiveCfg = Debug|Any CPU
		{1401858A-0FA2-47D3-95E7-395D3E02C2DE}.Debug|Any CPU.Build.0 = Debug|Any CPU
		{1401858A-0FA2-47D3-95E7-395D3E02C2DE}.Release|Any CPU.ActiveCfg = Release|Any CPU
		{1401858A-0FA2-47D3-95E7-395D3E02C2DE}.Release|Any CPU.Build.0 = Release|Any CPU
	EndGlobalSection
	GlobalSection(SolutionProperties) = preSolution
		HideSolutionNode = FALSE
	EndGlobalSection
	GlobalSection(ExtensibilityGlobals) = postSolution
		SolutionGuid = {D9666401-0FDA-415E-BF1D-8C019D654BD3}
	EndGlobalSection
EndGlobal
